{
    "version": 3,
    "terraform_version": "0.11.14",
    "serial": 1,
    "lineage": "36961c2a-5840-22d8-38b7-e6534b216c14",
    "modules": [
        {
            "path": [
                "root"
            ],
            "outputs": {
                "plauground.public_dns": {
                    "sensitive": false,
                    "type": "list",
                    "value": [
                        "ec2-35-183-65-157.ca-central-1.compute.amazonaws.com"
                    ]
                },
                "plauground.public_ip": {
                    "sensitive": false,
                    "type": "list",
                    "value": [
                        "35.183.65.157"
                    ]
                }
            },
            "resources": {
                "aws_instance.plauground": {
                    "type": "aws_instance",
                    "depends_on": [
                        "aws_key_pair.deployer",
                        "aws_security_group.plauground",
                        "data.aws_ami.ubuntu-18_04",
                        "local.plauground_user_data",
                        "module.vpc"
                    ],
                    "primary": {
                        "id": "i-0a3ff8ce6d0cba43a",
                        "attributes": {
                            "ami": "ami-05afacbf21663d5c3",
                            "arn": "arn:aws:ec2:ca-central-1:727534866935:instance/i-0a3ff8ce6d0cba43a",
                            "associate_public_ip_address": "true",
                            "availability_zone": "ca-central-1a",
                            "cpu_core_count": "1",
                            "cpu_threads_per_core": "2",
                            "disable_api_termination": "false",
                            "ebs_block_device.#": "0",
                            "ebs_optimized": "false",
                            "ephemeral_block_device.#": "0",
                            "get_password_data": "false",
                            "iam_instance_profile": "",
                            "id": "i-0a3ff8ce6d0cba43a",
                            "instance_state": "running",
                            "instance_type": "m4.large",
                            "ipv6_address_count": "0",
                            "ipv6_addresses.#": "0",
                            "key_name": "plauground-ca-central-1-keypair",
                            "monitoring": "false",
                            "network_interface.#": "0",
                            "password_data": "",
                            "placement_group": "",
                            "primary_network_interface_id": "eni-036e556f4f400210e",
                            "private_dns": "ip-172-31-10-228.ca-central-1.compute.internal",
                            "private_ip": "172.31.10.228",
                            "public_dns": "ec2-35-183-65-157.ca-central-1.compute.amazonaws.com",
                            "public_ip": "35.183.65.157",
                            "root_block_device.#": "1",
                            "root_block_device.0.delete_on_termination": "true",
                            "root_block_device.0.iops": "100",
                            "root_block_device.0.volume_id": "vol-088064005484055db",
                            "root_block_device.0.volume_size": "8",
                            "root_block_device.0.volume_type": "gp2",
                            "security_groups.#": "0",
                            "source_dest_check": "true",
                            "subnet_id": "subnet-095756a09af0ccaa2",
                            "tags.%": "1",
                            "tags.Name": "plauground-1",
                            "tenancy": "default",
                            "user_data": "ec8c4d0f4307ac23731815045613bc082c6c86d9",
                            "volume_tags.%": "0",
                            "vpc_security_group_ids.#": "1",
                            "vpc_security_group_ids.871246866": "sg-0e72670807a948ee7"
                        },
                        "meta": {
                            "e2bfb730-ecaa-11e6-8f88-34363bc7c4c0": {
                                "create": 600000000000,
                                "delete": 1200000000000,
                                "update": 600000000000
                            },
                            "schema_version": "1"
                        },
                        "tainted": false
                    },
                    "deposed": [],
                    "provider": "provider.aws"
                },
                "aws_key_pair.deployer": {
                    "type": "aws_key_pair",
                    "depends_on": [],
                    "primary": {
                        "id": "plauground-ca-central-1-keypair",
                        "attributes": {
                            "fingerprint": "41:cb:cc:8a:95:d0:4f:32:aa:2f:a4:2f:e5:0c:f2:8e",
                            "id": "plauground-ca-central-1-keypair",
                            "key_name": "plauground-ca-central-1-keypair",
                            "public_key": "ssh-rsa AAAAB3NzaC1yc2EAAAABIwAAAQEA5mfVGvL/+SL6HEK7//C827cMT3ZBRgVuJEUmeOvquXgDoiQB3mETJzpve2mXHyasPmyN/zB3YTqeWzp/k46CWBzyQlhONurJiMauMIPJcxpzRnwZjVlAmhFS34pRlWrhQIdXPjbXuwbkqLy0fXE5mramNDbhKKCcCLps9aEe61q6TPImAFTLpiSeuIaI+MPbkbQ6LZ1qcFWlPqucB5ZyPDde5h2aTJFOksU+r9zVHR78pssu2cjYElsNaT6jnnK5/gpBi8eoo5TPkZS60VyRwQhVGRJVxKnQuu9c1OVR7/4MsmnkvuRbM0qXZRXjIgLpTVTPFO2bR/M0xpOi+VlWZw== netoneko@dispersion.local"
                        },
                        "meta": {
                            "schema_version": "1"
                        },
                        "tainted": false
                    },
                    "deposed": [],
                    "provider": "provider.aws"
                },
                "aws_security_group.plauground": {
                    "type": "aws_security_group",
                    "depends_on": [
                        "module.vpc"
                    ],
                    "primary": {
                        "id": "sg-0e72670807a948ee7",
                        "attributes": {
                            "arn": "arn:aws:ec2:ca-central-1:727534866935:security-group/sg-0e72670807a948ee7",
                            "description": "Managed by Terraform",
                            "egress.#": "1",
                            "egress.2510676008.cidr_blocks.#": "1",
                            "egress.2510676008.cidr_blocks.0": "0.0.0.0/0",
                            "egress.2510676008.description": "",
                            "egress.2510676008.from_port": "0",
                            "egress.2510676008.ipv6_cidr_blocks.#": "0",
                            "egress.2510676008.prefix_list_ids.#": "0",
                            "egress.2510676008.protocol": "-1",
                            "egress.2510676008.security_groups.#": "0",
                            "egress.2510676008.self": "true",
                            "egress.2510676008.to_port": "0",
                            "id": "sg-0e72670807a948ee7",
                            "ingress.#": "2",
                            "ingress.2214680975.cidr_blocks.#": "1",
                            "ingress.2214680975.cidr_blocks.0": "0.0.0.0/0",
                            "ingress.2214680975.description": "",
                            "ingress.2214680975.from_port": "80",
                            "ingress.2214680975.ipv6_cidr_blocks.#": "0",
                            "ingress.2214680975.prefix_list_ids.#": "0",
                            "ingress.2214680975.protocol": "tcp",
                            "ingress.2214680975.security_groups.#": "0",
                            "ingress.2214680975.self": "false",
                            "ingress.2214680975.to_port": "80",
                            "ingress.2541437006.cidr_blocks.#": "1",
                            "ingress.2541437006.cidr_blocks.0": "0.0.0.0/0",
                            "ingress.2541437006.description": "",
                            "ingress.2541437006.from_port": "22",
                            "ingress.2541437006.ipv6_cidr_blocks.#": "0",
                            "ingress.2541437006.prefix_list_ids.#": "0",
                            "ingress.2541437006.protocol": "tcp",
                            "ingress.2541437006.security_groups.#": "0",
                            "ingress.2541437006.self": "false",
                            "ingress.2541437006.to_port": "22",
                            "name": "plauground-sg",
                            "owner_id": "727534866935",
                            "revoke_rules_on_delete": "false",
                            "tags.%": "1",
                            "tags.Name": "plauground-sg",
                            "vpc_id": "vpc-0294cd17254d2cebd"
                        },
                        "meta": {
                            "e2bfb730-ecaa-11e6-8f88-34363bc7c4c0": {
                                "create": 600000000000,
                                "delete": 600000000000
                            },
                            "schema_version": "1"
                        },
                        "tainted": false
                    },
                    "deposed": [],
                    "provider": "provider.aws"
                },
                "data.aws_ami.ubuntu-18_04": {
                    "type": "aws_ami",
                    "depends_on": [],
                    "primary": {
                        "id": "ami-05afacbf21663d5c3",
                        "attributes": {
                            "architecture": "x86_64",
                            "block_device_mappings.#": "3",
                            "block_device_mappings.1634610537.device_name": "/dev/sdb",
                            "block_device_mappings.1634610537.ebs.%": "0",
                            "block_device_mappings.1634610537.no_device": "",
                            "block_device_mappings.1634610537.virtual_name": "ephemeral0",
                            "block_device_mappings.2547816212.device_name": "/dev/sda1",
                            "block_device_mappings.2547816212.ebs.%": "6",
                            "block_device_mappings.2547816212.ebs.delete_on_termination": "true",
                            "block_device_mappings.2547816212.ebs.encrypted": "false",
                            "block_device_mappings.2547816212.ebs.iops": "0",
                            "block_device_mappings.2547816212.ebs.snapshot_id": "snap-0ce20a9cdcd25f4b3",
                            "block_device_mappings.2547816212.ebs.volume_size": "8",
                            "block_device_mappings.2547816212.ebs.volume_type": "gp2",
                            "block_device_mappings.2547816212.no_device": "",
                            "block_device_mappings.2547816212.virtual_name": "",
                            "block_device_mappings.3850042718.device_name": "/dev/sdc",
                            "block_device_mappings.3850042718.ebs.%": "0",
                            "block_device_mappings.3850042718.no_device": "",
                            "block_device_mappings.3850042718.virtual_name": "ephemeral1",
                            "creation_date": "2019-05-31T21:43:54.000Z",
                            "description": "Canonical, Ubuntu, 18.04 LTS, amd64 bionic image build on 2019-05-31",
                            "filter.#": "1",
                            "filter.942818600.name": "name",
                            "filter.942818600.values.#": "1",
                            "filter.942818600.values.0": "ubuntu/images/hvm-ssd/ubuntu-bionic-18.04-amd64-server-*",
                            "hypervisor": "xen",
                            "id": "ami-05afacbf21663d5c3",
                            "image_id": "ami-05afacbf21663d5c3",
                            "image_location": "099720109477/ubuntu/images/hvm-ssd/ubuntu-bionic-18.04-amd64-server-20190531",
                            "image_type": "machine",
                            "most_recent": "true",
                            "name": "ubuntu/images/hvm-ssd/ubuntu-bionic-18.04-amd64-server-20190531",
                            "owner_id": "099720109477",
                            "owners.#": "1",
                            "owners.0": "099720109477",
                            "product_codes.#": "0",
                            "public": "true",
                            "root_device_name": "/dev/sda1",
                            "root_device_type": "ebs",
                            "root_snapshot_id": "snap-0ce20a9cdcd25f4b3",
                            "sriov_net_support": "simple",
                            "state": "available",
                            "state_reason.%": "2",
                            "state_reason.code": "UNSET",
                            "state_reason.message": "UNSET",
                            "tags.%": "0",
                            "virtualization_type": "hvm"
                        },
                        "meta": {},
                        "tainted": false
                    },
                    "deposed": [],
                    "provider": "provider.aws"
                },
                "data.aws_availability_zones.available": {
                    "type": "aws_availability_zones",
                    "depends_on": [],
                    "primary": {
                        "id": "2019-06-05 09:14:55.8791 +0000 UTC",
                        "attributes": {
                            "id": "2019-06-05 09:14:55.8791 +0000 UTC",
                            "names.#": "2",
                            "names.0": "ca-central-1a",
                            "names.1": "ca-central-1b",
                            "zone_ids.#": "2",
                            "zone_ids.0": "cac1-az1",
                            "zone_ids.1": "cac1-az2"
                        },
                        "meta": {},
                        "tainted": false
                    },
                    "deposed": [],
                    "provider": "provider.aws"
                }
            },
            "depends_on": []
        },
        {
            "path": [
                "root",
                "vpc"
            ],
            "outputs": {
                "gateway-id": {
                    "sensitive": false,
                    "type": "string",
                    "value": "igw-09be9f61040e4d4cf"
                },
                "id": {
                    "sensitive": false,
                    "type": "string",
                    "value": "vpc-0294cd17254d2cebd"
                },
                "route-table-id-main": {
                    "sensitive": false,
                    "type": "string",
                    "value": "rtb-04d890241f6f23ee6"
                },
                "subnet-ids-public": {
                    "sensitive": false,
                    "type": "list",
                    "value": [
                        "subnet-095756a09af0ccaa2",
                        "subnet-076891febe6aca8fd"
                    ]
                }
            },
            "resources": {
                "aws_internet_gateway.main": {
                    "type": "aws_internet_gateway",
                    "depends_on": [
                        "aws_vpc.main"
                    ],
                    "primary": {
                        "id": "igw-09be9f61040e4d4cf",
                        "attributes": {
                            "id": "igw-09be9f61040e4d4cf",
                            "owner_id": "727534866935",
                            "tags.%": "4",
                            "tags.Application": "plauground",
                            "tags.Name": "plauground-vpc",
                            "tags.Provisioner": "terraform",
                            "tags.ProvisionerSrc": "orbs-network/terraform-plauground-node",
                            "vpc_id": "vpc-0294cd17254d2cebd"
                        },
                        "meta": {},
                        "tainted": false
                    },
                    "deposed": [],
                    "provider": "provider.aws"
                },
                "aws_route.public": {
                    "type": "aws_route",
                    "depends_on": [
                        "aws_internet_gateway.main",
                        "aws_vpc.main"
                    ],
                    "primary": {
                        "id": "r-rtb-04d890241f6f23ee61080289494",
                        "attributes": {
                            "destination_cidr_block": "0.0.0.0/0",
                            "destination_prefix_list_id": "",
                            "egress_only_gateway_id": "",
                            "gateway_id": "igw-09be9f61040e4d4cf",
                            "id": "r-rtb-04d890241f6f23ee61080289494",
                            "instance_id": "",
                            "instance_owner_id": "",
                            "nat_gateway_id": "",
                            "network_interface_id": "",
                            "origin": "CreateRoute",
                            "route_table_id": "rtb-04d890241f6f23ee6",
                            "state": "active",
                            "transit_gateway_id": "",
                            "vpc_peering_connection_id": ""
                        },
                        "meta": {
                            "e2bfb730-ecaa-11e6-8f88-34363bc7c4c0": {
                                "create": 120000000000,
                                "delete": 300000000000
                            }
                        },
                        "tainted": false
                    },
                    "deposed": [],
                    "provider": "provider.aws"
                },
                "aws_route_table_association.public.0": {
                    "type": "aws_route_table_association",
                    "depends_on": [
                        "aws_subnet.public.*",
                        "aws_vpc.main"
                    ],
                    "primary": {
                        "id": "rtbassoc-022fdd0af38a94f9d",
                        "attributes": {
                            "id": "rtbassoc-022fdd0af38a94f9d",
                            "route_table_id": "rtb-04d890241f6f23ee6",
                            "subnet_id": "subnet-095756a09af0ccaa2"
                        },
                        "meta": {},
                        "tainted": false
                    },
                    "deposed": [],
                    "provider": "provider.aws"
                },
                "aws_route_table_association.public.1": {
                    "type": "aws_route_table_association",
                    "depends_on": [
                        "aws_subnet.public.*",
                        "aws_vpc.main"
                    ],
                    "primary": {
                        "id": "rtbassoc-072df0baa641e771f",
                        "attributes": {
                            "id": "rtbassoc-072df0baa641e771f",
                            "route_table_id": "rtb-04d890241f6f23ee6",
                            "subnet_id": "subnet-076891febe6aca8fd"
                        },
                        "meta": {},
                        "tainted": false
                    },
                    "deposed": [],
                    "provider": "provider.aws"
                },
                "aws_subnet.public.0": {
                    "type": "aws_subnet",
                    "depends_on": [
                        "aws_vpc.main"
                    ],
                    "primary": {
                        "id": "subnet-095756a09af0ccaa2",
                        "attributes": {
                            "arn": "arn:aws:ec2:ca-central-1:727534866935:subnet/subnet-095756a09af0ccaa2",
                            "assign_ipv6_address_on_creation": "false",
                            "availability_zone": "ca-central-1a",
                            "availability_zone_id": "cac1-az1",
                            "cidr_block": "172.31.0.0/20",
                            "id": "subnet-095756a09af0ccaa2",
                            "ipv6_cidr_block": "",
                            "ipv6_cidr_block_association_id": "",
                            "map_public_ip_on_launch": "true",
                            "owner_id": "727534866935",
                            "tags.%": "4",
                            "tags.Application": "plauground",
                            "tags.Name": "plauground-vpc",
                            "tags.Provisioner": "terraform",
                            "tags.ProvisionerSrc": "orbs-network/terraform-plauground-node",
                            "vpc_id": "vpc-0294cd17254d2cebd"
                        },
                        "meta": {
                            "e2bfb730-ecaa-11e6-8f88-34363bc7c4c0": {
                                "create": 600000000000,
                                "delete": 600000000000
                            },
                            "schema_version": "1"
                        },
                        "tainted": false
                    },
                    "deposed": [],
                    "provider": "provider.aws"
                },
                "aws_subnet.public.1": {
                    "type": "aws_subnet",
                    "depends_on": [
                        "aws_vpc.main"
                    ],
                    "primary": {
                        "id": "subnet-076891febe6aca8fd",
                        "attributes": {
                            "arn": "arn:aws:ec2:ca-central-1:727534866935:subnet/subnet-076891febe6aca8fd",
                            "assign_ipv6_address_on_creation": "false",
                            "availability_zone": "ca-central-1b",
                            "availability_zone_id": "cac1-az2",
                            "cidr_block": "172.31.16.0/20",
                            "id": "subnet-076891febe6aca8fd",
                            "ipv6_cidr_block": "",
                            "ipv6_cidr_block_association_id": "",
                            "map_public_ip_on_launch": "true",
                            "owner_id": "727534866935",
                            "tags.%": "4",
                            "tags.Application": "plauground",
                            "tags.Name": "plauground-vpc",
                            "tags.Provisioner": "terraform",
                            "tags.ProvisionerSrc": "orbs-network/terraform-plauground-node",
                            "vpc_id": "vpc-0294cd17254d2cebd"
                        },
                        "meta": {
                            "e2bfb730-ecaa-11e6-8f88-34363bc7c4c0": {
                                "create": 600000000000,
                                "delete": 600000000000
                            },
                            "schema_version": "1"
                        },
                        "tainted": false
                    },
                    "deposed": [],
                    "provider": "provider.aws"
                },
                "aws_vpc.main": {
                    "type": "aws_vpc",
                    "depends_on": [],
                    "primary": {
                        "id": "vpc-0294cd17254d2cebd",
                        "attributes": {
                            "arn": "arn:aws:ec2:ca-central-1:727534866935:vpc/vpc-0294cd17254d2cebd",
                            "assign_generated_ipv6_cidr_block": "false",
                            "cidr_block": "172.31.0.0/16",
                            "default_network_acl_id": "acl-09e3290aa3b17bf56",
                            "default_route_table_id": "rtb-04d890241f6f23ee6",
                            "default_security_group_id": "sg-014b51953d51f5e91",
                            "dhcp_options_id": "dopt-ed2e5485",
                            "enable_dns_hostnames": "true",
                            "enable_dns_support": "true",
                            "id": "vpc-0294cd17254d2cebd",
                            "instance_tenancy": "default",
                            "ipv6_association_id": "",
                            "ipv6_cidr_block": "",
                            "main_route_table_id": "rtb-04d890241f6f23ee6",
                            "owner_id": "727534866935",
                            "tags.%": "4",
                            "tags.Application": "plauground",
                            "tags.Name": "plauground-vpc",
                            "tags.Provisioner": "terraform",
                            "tags.ProvisionerSrc": "orbs-network/terraform-plauground-node"
                        },
                        "meta": {
                            "schema_version": "1"
                        },
                        "tainted": false
                    },
                    "deposed": [],
                    "provider": "provider.aws"
                }
            },
            "depends_on": []
        }
    ]
}
